
Microsoft Visual Studio Solution File, Format Version 12.00
# Visual Studio Version 17
VisualStudioVersion = 17.14.37314.3 d17.14
MinimumVisualStudioVersion = 10.0.40219.1
Project("{FAE04EC0-301F-11D3-BF4B-00C04F79EFBC}") = "Insurance Hub", "Insurance Hub.csproj", "{C26639D9-039E-4C03-91C8-CB6848BC94DC}"
EndProject
Global
	GlobalSection(SolutionConfigurationPlatforms) = preSolution
		Debug|Any CPU = Debug|Any CPU
		Release|Any CPU = Release|Any CPU
	EndGlobalSection
	GlobalSection(ProjectConfigurationPlatforms) = postSolution
		{C26639D9-039E-4C03-91C8-CB6848BC94DC}.Debug|Any CPU.ActiveCfg = Debug|Any CPU
		{C26639D9-039E-4C03-91C8-CB6848BC94DC}.Debug|Any CPU.Build.0 = Debug|Any CPU
		{C26639D9-039E-4C03-91C8-CB6848BC94DC}.Release|Any CPU.ActiveCfg = Release|Any CPU
		{C26639D9-039E-4C03-91C8-CB6848BC94DC}.Release|Any CPU.Build.0 = Release|Any CPU
	EndGlobalSection
	GlobalSection(SolutionProperties) = preSolution
		HideSolutionNode = FALSE
	EndGlobalSection
	GlobalSection(ExtensibilityGlobals) = postSolution
		SolutionGuid = {F7CBA3A3-6EAC-4D74-8896-D71D91DBDD18}
	EndGlobalSection
EndGlobal
